{
  "name": "radar",
  "version": "1.0.0",
  "lockfileVersion": 1,
  "requires": true,
  "dependencies": {
    "@azure/functions": {
      "version": "1.2.3",
      "resolved": "https://registry.npmjs.org/@azure/functions/-/functions-1.2.3.tgz",
      "integrity": "sha512-dZITbYPNg6ay6ngcCOjRUh1wDhlFITS0zIkqplyH5KfKEAVPooaoaye5mUFnR+WP9WdGRjlNXyl/y2tgWKHcRg==",
      "dev": true
    },
    "@types/node": {
      "version": "14.14.22",
      "resolved": "https://registry.npmjs.org/@types/node/-/node-14.14.22.tgz",
      "integrity": "sha512-g+f/qj/cNcqKkc3tFqlXOYjrmZA+jNBiDzbP3kH+B+otKFqAdPgVTGP1IeKRdMml/aE69as5S4FqtxAbl+LaMw==",
      "dev": true
    },
    "env-var": {
      "version": "7.0.0",
      "resolved": "https://registry.npmjs.org/env-var/-/env-var-7.0.0.tgz",
      "integrity": "sha512-XnoXQhg98QpSQqpBjySM3VjXGVrIvisgFbFURxAxOymarLzlcdvy6Y3qlnvZFaAp5j99qwSbRwqbrZtug/0x9w=="
    },
    "fast-xml-parser": {
      "version": "3.17.6",
      "resolved": "https://registry.npmjs.org/fast-xml-parser/-/fast-xml-parser-3.17.6.tgz",
      "integrity": "sha512-40WHI/5d2MOzf1sD2bSaTXlPn1lueJLAX6j1xH5dSAr6tNeut8B9ktEL6sjAK9yVON4uNj9//axOdBJUuruCzw=="
    },
    "typescript": {
      "version": "3.9.7",
      "resolved": "https://registry.npmjs.org/typescript/-/typescript-3.9.7.tgz",
      "integrity": "sha512-BLbiRkiBzAwsjut4x/dsibSTB6yWpwT5qWmC2OfuCg3GgVQCSgMs4vEctYPhsaGtd0AeuuHMkjZ2h2WG8MSzRw==",
      "dev": true
    }
  }
}
